
Microsoft Visual Studio Solution File, Format Version 12.00
# Visual Studio Version 17
VisualStudioVersion = 17.0.31912.275
MinimumVisualStudioVersion = 10.0.40219.1
Project("{9A19103F-16F7-4668-BE54-9A1E7A4F7556}") = "Classwork1", "Classwork1\Classwork1.csproj", "{2148169F-C66E-4511-BBFF-968C69F5DC04}"
EndProject
Project("{9A19103F-16F7-4668-BE54-9A1E7A4F7556}") = "Classwork2", "Classwork2\Classwork2.csproj", "{DDA83447-058F-46E0-8722-746DC6E7AF70}"
EndProject
Project("{9A19103F-16F7-4668-BE54-9A1E7A4F7556}") = "Classwork3", "Classwork3\Classwork3.csproj", "{FB5AF48C-8276-49A8-AE4B-C4D45BCE9A85}"
EndProject
Project("{FAE04EC0-301F-11D3-BF4B-00C04F79EFBC}") = "ClassWork4", "ClassWork4\ClassWork4.csproj", "{1C50187E-B1D7-4BFD-A8A5-AD9B504B0799}"
EndProject
Global
	GlobalSection(SolutionConfigurationPlatforms) = preSolution
		Debug|Any CPU = Debug|Any CPU
		Release|Any CPU = Release|Any CPU
	EndGlobalSection
	GlobalSection(ProjectConfigurationPlatforms) = postSolution
		{2148169F-C66E-4511-BBFF-968C69F5DC04}.Debug|Any CPU.ActiveCfg = Debug|Any CPU
		{2148169F-C66E-4511-BBFF-968C69F5DC04}.Debug|Any CPU.Build.0 = Debug|Any CPU
		{2148169F-C66E-4511-BBFF-968C69F5DC04}.Release|Any CPU.ActiveCfg = Release|Any CPU
		{2148169F-C66E-4511-BBFF-968C69F5DC04}.Release|Any CPU.Build.0 = Release|Any CPU
		{DDA83447-058F-46E0-8722-746DC6E7AF70}.Debug|Any CPU.ActiveCfg = Debug|Any CPU
		{DDA83447-058F-46E0-8722-746DC6E7AF70}.Debug|Any CPU.Build.0 = Debug|Any CPU
		{DDA83447-058F-46E0-8722-746DC6E7AF70}.Release|Any CPU.ActiveCfg = Release|Any CPU
		{DDA83447-058F-46E0-8722-746DC6E7AF70}.Release|Any CPU.Build.0 = Release|Any CPU
		{FB5AF48C-8276-49A8-AE4B-C4D45BCE9A85}.Debug|Any CPU.ActiveCfg = Debug|Any CPU
		{FB5AF48C-8276-49A8-AE4B-C4D45BCE9A85}.Debug|Any CPU.Build.0 = Debug|Any CPU
		{FB5AF48C-8276-49A8-AE4B-C4D45BCE9A85}.Release|Any CPU.ActiveCfg = Release|Any CPU
		{FB5AF48C-8276-49A8-AE4B-C4D45BCE9A85}.Release|Any CPU.Build.0 = Release|Any CPU
		{1C50187E-B1D7-4BFD-A8A5-AD9B504B0799}.Debug|Any CPU.ActiveCfg = Debug|Any CPU
		{1C50187E-B1D7-4BFD-A8A5-AD9B504B0799}.Debug|Any CPU.Build.0 = Debug|Any CPU
		{1C50187E-B1D7-4BFD-A8A5-AD9B504B0799}.Release|Any CPU.ActiveCfg = Release|Any CPU
		{1C50187E-B1D7-4BFD-A8A5-AD9B504B0799}.Release|Any CPU.Build.0 = Release|Any CPU
	EndGlobalSection
	GlobalSection(SolutionProperties) = preSolution
		HideSolutionNode = FALSE
	EndGlobalSection
	GlobalSection(ExtensibilityGlobals) = postSolution
		SolutionGuid = {A400CA52-300A-4370-89EF-D5B976816674}
	EndGlobalSection
EndGlobal
