
Microsoft Visual Studio Solution File, Format Version 12.00
# Visual Studio Version 17
VisualStudioVersion = 17.0.31912.275
MinimumVisualStudioVersion = 10.0.40219.1
Project("{FAE04EC0-301F-11D3-BF4B-00C04F79EFBC}") = "Exercise1", "Exercise1\Exercise1.csproj", "{2AE3EE50-0021-4CDD-BC0B-66F5EE8F78BE}"
EndProject
Project("{FAE04EC0-301F-11D3-BF4B-00C04F79EFBC}") = "Exercise2", "Exercise2\Exercise2.csproj", "{77A460B3-B7A7-4791-BE4D-4B5CFAEB1E15}"
EndProject
Project("{FAE04EC0-301F-11D3-BF4B-00C04F79EFBC}") = "Exercise3", "Exercise3\Exercise3.csproj", "{7EAC87CE-505D-4E4C-9F1F-D7BBB54D4528}"
EndProject
Project("{FAE04EC0-301F-11D3-BF4B-00C04F79EFBC}") = "Exercise4", "Exercise4\Exercise4.csproj", "{23645C68-9DF3-4694-BEB9-A72F9297EF2A}"
EndProject
Project("{FAE04EC0-301F-11D3-BF4B-00C04F79EFBC}") = "Exercise5", "Exercise5\Exercise5.csproj", "{184E2235-FCA5-473D-ABF8-B9EF85E74147}"
EndProject
Global
	GlobalSection(SolutionConfigurationPlatforms) = preSolution
		Debug|Any CPU = Debug|Any CPU
		Release|Any CPU = Release|Any CPU
	EndGlobalSection
	GlobalSection(ProjectConfigurationPlatforms) = postSolution
		{2AE3EE50-0021-4CDD-BC0B-66F5EE8F78BE}.Debug|Any CPU.ActiveCfg = Debug|Any CPU
		{2AE3EE50-0021-4CDD-BC0B-66F5EE8F78BE}.Debug|Any CPU.Build.0 = Debug|Any CPU
		{2AE3EE50-0021-4CDD-BC0B-66F5EE8F78BE}.Release|Any CPU.ActiveCfg = Release|Any CPU
		{2AE3EE50-0021-4CDD-BC0B-66F5EE8F78BE}.Release|Any CPU.Build.0 = Release|Any CPU
		{77A460B3-B7A7-4791-BE4D-4B5CFAEB1E15}.Debug|Any CPU.ActiveCfg = Debug|Any CPU
		{77A460B3-B7A7-4791-BE4D-4B5CFAEB1E15}.Debug|Any CPU.Build.0 = Debug|Any CPU
		{77A460B3-B7A7-4791-BE4D-4B5CFAEB1E15}.Release|Any CPU.ActiveCfg = Release|Any CPU
		{77A460B3-B7A7-4791-BE4D-4B5CFAEB1E15}.Release|Any CPU.Build.0 = Release|Any CPU
		{7EAC87CE-505D-4E4C-9F1F-D7BBB54D4528}.Debug|Any CPU.ActiveCfg = Debug|Any CPU
		{7EAC87CE-505D-4E4C-9F1F-D7BBB54D4528}.Debug|Any CPU.Build.0 = Debug|Any CPU
		{7EAC87CE-505D-4E4C-9F1F-D7BBB54D4528}.Release|Any CPU.ActiveCfg = Release|Any CPU
		{7EAC87CE-505D-4E4C-9F1F-D7BBB54D4528}.Release|Any CPU.Build.0 = Release|Any CPU
		{23645C68-9DF3-4694-BEB9-A72F9297EF2A}.Debug|Any CPU.ActiveCfg = Debug|Any CPU
		{23645C68-9DF3-4694-BEB9-A72F9297EF2A}.Debug|Any CPU.Build.0 = Debug|Any CPU
		{23645C68-9DF3-4694-BEB9-A72F9297EF2A}.Release|Any CPU.ActiveCfg = Release|Any CPU
		{23645C68-9DF3-4694-BEB9-A72F9297EF2A}.Release|Any CPU.Build.0 = Release|Any CPU
		{184E2235-FCA5-473D-ABF8-B9EF85E74147}.Debug|Any CPU.ActiveCfg = Debug|Any CPU
		{184E2235-FCA5-473D-ABF8-B9EF85E74147}.Debug|Any CPU.Build.0 = Debug|Any CPU
		{184E2235-FCA5-473D-ABF8-B9EF85E74147}.Release|Any CPU.ActiveCfg = Release|Any CPU
		{184E2235-FCA5-473D-ABF8-B9EF85E74147}.Release|Any CPU.Build.0 = Release|Any CPU
	EndGlobalSection
	GlobalSection(SolutionProperties) = preSolution
		HideSolutionNode = FALSE
	EndGlobalSection
	GlobalSection(ExtensibilityGlobals) = postSolution
		SolutionGuid = {44A61A4B-B58C-4FCA-AA96-B568F8DF2BC2}
	EndGlobalSection
EndGlobal
