
Microsoft Visual Studio Solution File, Format Version 12.00
# Visual Studio Version 17
VisualStudioVersion = 17.0.31912.275
MinimumVisualStudioVersion = 10.0.40219.1
Project("{FAE04EC0-301F-11D3-BF4B-00C04F79EFBC}") = "30Nov2021", "30Nov2021\30Nov2021.csproj", "{B273D4BC-B10D-4572-839B-13EDE962524D}"
EndProject
Global
	GlobalSection(SolutionConfigurationPlatforms) = preSolution
		Debug|Any CPU = Debug|Any CPU
		Release|Any CPU = Release|Any CPU
	EndGlobalSection
	GlobalSection(ProjectConfigurationPlatforms) = postSolution
		{B273D4BC-B10D-4572-839B-13EDE962524D}.Debug|Any CPU.ActiveCfg = Debug|Any CPU
		{B273D4BC-B10D-4572-839B-13EDE962524D}.Debug|Any CPU.Build.0 = Debug|Any CPU
		{B273D4BC-B10D-4572-839B-13EDE962524D}.Release|Any CPU.ActiveCfg = Release|Any CPU
		{B273D4BC-B10D-4572-839B-13EDE962524D}.Release|Any CPU.Build.0 = Release|Any CPU
	EndGlobalSection
	GlobalSection(SolutionProperties) = preSolution
		HideSolutionNode = FALSE
	EndGlobalSection
	GlobalSection(ExtensibilityGlobals) = postSolution
		SolutionGuid = {7570BD2C-0FED-4380-978F-9A29E2722601}
	EndGlobalSection
EndGlobal
